hash: 98693ed620e83756e1c3b45f0b4ca56a28b13e045a4c49a6c573d780ffd3b377
updated: 2018-09-25T17:12:48.965379-07:00
imports:
- name: github.com/alecthomas/template
  version: a0175ee3bccc567396460bf5acd36800cb10c49c
  subpackages:
  - parse
- name: github.com/alecthomas/units
  version: 2efee857e7cfd4f3d0138cc3cbb1b4966962b93a
- name: github.com/jung-kurt/gofpdf
  version: 14c1db30737a138f8d9797cffea58783892b2fae
- name: gopkg.in/alecthomas/kingpin.v2
  version: 947dcec5ba9c011838740e680966fd7087a71d0d
testImports: []
